
Microsoft Visual Studio Solution File, Format Version 12.00
# Visual Studio Version 16
VisualStudioVersion = 16.0.31424.327
MinimumVisualStudioVersion = 10.0.40219.1
Project("{8BC9CEB8-8B4A-11D0-8D11-00A0C91BC942}") = "MFCmsg", "MFCmsg.vcxproj", "{08515C1B-D08C-4D10-A22D-2FA7AAAE85A2}"
EndProject
Global
	GlobalSection(SolutionConfigurationPlatforms) = preSolution
		Debug|x64 = Debug|x64
		Debug|x86 = Debug|x86
		Release|x64 = Release|x64
		Release|x86 = Release|x86
	EndGlobalSection
	GlobalSection(ProjectConfigurationPlatforms) = postSolution
		{08515C1B-D08C-4D10-A22D-2FA7AAAE85A2}.Debug|x64.ActiveCfg = Debug|x64
		{08515C1B-D08C-4D10-A22D-2FA7AAAE85A2}.Debug|x64.Build.0 = Debug|x64
		{08515C1B-D08C-4D10-A22D-2FA7AAAE85A2}.Debug|x86.ActiveCfg = Debug|Win32
		{08515C1B-D08C-4D10-A22D-2FA7AAAE85A2}.Debug|x86.Build.0 = Debug|Win32
		{08515C1B-D08C-4D10-A22D-2FA7AAAE85A2}.Release|x64.ActiveCfg = Release|x64
		{08515C1B-D08C-4D10-A22D-2FA7AAAE85A2}.Release|x64.Build.0 = Release|x64
		{08515C1B-D08C-4D10-A22D-2FA7AAAE85A2}.Release|x86.ActiveCfg = Release|Win32
		{08515C1B-D08C-4D10-A22D-2FA7AAAE85A2}.Release|x86.Build.0 = Release|Win32
	EndGlobalSection
	GlobalSection(SolutionProperties) = preSolution
		HideSolutionNode = FALSE
	EndGlobalSection
	GlobalSection(ExtensibilityGlobals) = postSolution
		SolutionGuid = {A55C3EBE-0E43-4289-8DB9-6C52B6A3BC13}
	EndGlobalSection
EndGlobal
